<?xml version="1.0" encoding="utf-8"?>
<Project ToolsVersion="4.0" xmlns="http://schemas.microsoft.com/developer/msbuild/2003">
  <ItemGroup>
    <Filter Include="Source Files">
      <UniqueIdentifier>{4FC737F1-C7A5-4376-A066-2A32D752A2FF}</UniqueIdentifier>
      <Extensions>cpp;c;cc;cxx;def;odl;idl;hpj;bat;asm;asmx</Extensions>
    </Filter>
    <Filter Include="Header Files">
      <UniqueIdentifier>{93995380-89BD-4b04-88EB-625FBE52EBFB}</UniqueIdentifier>
      <Extensions>h;hh;hpp;hxx;hm;inl;inc;ipp;xsd</Extensions>
    </Filter>
    <Filter Include="Resource Files">
      <UniqueIdentifier>{67DA6AB6-F800-4c08-8B7A-83BB121AAD01}</UniqueIdentifier>
      <Extensions>rc;ico;cur;bmp;dlg;rc2;rct;bin;rgs;gif;jpg;jpeg;jpe;resx;tiff;tif;png;wav;mfcribbon-ms</Extensions>
    </Filter>
  </ItemGroup>
  <ItemGroup>
    <ClInclude Include="..\h\bill_board_manager.h">
      <Filter>Header Files</Filter>
    </ClInclude>
    <ClInclude Include="..\h\black_png.h">
      <Filter>Header Files</Filter>
    </ClInclude>
    <ClInclude Include="..\h\Buffer.h">
      <Filter>Header Files</Filter>
    </ClInclude>
    <ClInclude Include="..\h\Bullet.h">
      <Filter>Header Files</Filter>
    </ClInclude>
    <ClInclude Include="..\h\Camera.h">
      <Filter>Header Files</Filter>
    </ClInclude>
    <ClInclude Include="..\h\consolefont12.h">
      <Filter>Header Files</Filter>
    </ClInclude>
    <ClInclude Include="..\h\consolefont14.h">
      <Filter>Header Files</Filter>
    </ClInclude>
    <ClInclude Include="..\h\consolefont18.h">
      <Filter>Header Files</Filter>
    </ClInclude>
    <ClInclude Include="..\h\consolefont24.h">
      <Filter>Header Files</Filter>
    </ClInclude>
    <ClInclude Include="..\h\DataTexture2DArray.h">
      <Filter>Header Files</Filter>
    </ClInclude>
    <ClInclude Include="..\h\dungeon.h">
      <Filter>Header Files</Filter>
    </ClInclude>
    <ClInclude Include="..\h\enemy.h">
      <Filter>Header Files</Filter>
    </ClInclude>
    <ClInclude Include="..\h\Framebuffer.h">
      <Filter>Header Files</Filter>
    </ClInclude>
    <ClInclude Include="..\h\FullscreenQuad.h">
      <Filter>Header Files</Filter>
    </ClInclude>
    <ClInclude Include="..\h\game_object.h">
      <Filter>Header Files</Filter>
    </ClInclude>
    <ClInclude Include="..\h\game_state.h">
      <Filter>Header Files</Filter>
    </ClInclude>
    <ClInclude Include="..\h\glcorearb.h">
      <Filter>Header Files</Filter>
    </ClInclude>
    <ClInclude Include="..\h\glfuncs.h">
      <Filter>Header Files</Filter>
    </ClInclude>
    <ClInclude Include="..\h\global_variables.h">
      <Filter>Header Files</Filter>
    </ClInclude>
    <ClInclude Include="..\h\icosphere.h">
      <Filter>Header Files</Filter>
    </ClInclude>
    <ClInclude Include="..\h\Image.h">
      <Filter>Header Files</Filter>
    </ClInclude>
    <ClInclude Include="..\h\ImageTexture2DArray.h">
      <Filter>Header Files</Filter>
    </ClInclude>
    <ClInclude Include="..\h\ImageTextureCube.h">
      <Filter>Header Files</Filter>
    </ClInclude>
    <ClInclude Include="..\h\input_manager.h">
      <Filter>Header Files</Filter>
    </ClInclude>
    <ClInclude Include="..\h\json11.h">
      <Filter>Header Files</Filter>
    </ClInclude>
    <ClInclude Include="..\h\LightManager.h">
      <Filter>Header Files</Filter>
    </ClInclude>
    <ClInclude Include="..\h\MagicLantern.h">
      <Filter>Header Files</Filter>
    </ClInclude>
    <ClInclude Include="..\h\math3d.h">
      <Filter>Header Files</Filter>
    </ClInclude>
    <ClInclude Include="..\h\Mesh.h">
      <Filter>Header Files</Filter>
    </ClInclude>
    <ClInclude Include="..\h\miniz_common.h">
      <Filter>Header Files</Filter>
    </ClInclude>
    <ClInclude Include="..\h\miniz_tinfl.h">
      <Filter>Header Files</Filter>
    </ClInclude>
    <ClInclude Include="..\h\parsegltf.h">
      <Filter>Header Files</Filter>
    </ClInclude>
    <ClInclude Include="..\h\parseobj.h">
      <Filter>Header Files</Filter>
    </ClInclude>
    <ClInclude Include="..\h\ParticleSystem.h">
      <Filter>Header Files</Filter>
    </ClInclude>
    <ClInclude Include="..\h\periwinkle_png.h">
      <Filter>Header Files</Filter>
    </ClInclude>
    <ClInclude Include="..\h\PowerUp.h">
      <Filter>Header Files</Filter>
    </ClInclude>
    <ClInclude Include="..\h\Program.h">
      <Filter>Header Files</Filter>
    </ClInclude>
    <ClInclude Include="..\h\Sampler.h">
      <Filter>Header Files</Filter>
    </ClInclude>
    <ClInclude Include="..\h\setupgl.h">
      <Filter>Header Files</Filter>
    </ClInclude>
    <ClInclude Include="..\h\singleton.h">
      <Filter>Header Files</Filter>
    </ClInclude>
    <ClInclude Include="..\h\SkyBox.h">
      <Filter>Header Files</Filter>
    </ClInclude>
    <ClInclude Include="..\h\stdafx.h">
      <Filter>Header Files</Filter>
    </ClInclude>
    <ClInclude Include="..\h\Text.h">
      <Filter>Header Files</Filter>
    </ClInclude>
    <ClInclude Include="..\h\Texture.h">
      <Filter>Header Files</Filter>
    </ClInclude>
    <ClInclude Include="..\h\Texture2DArray.h">
      <Filter>Header Files</Filter>
    </ClInclude>
    <ClInclude Include="..\h\TextureCube.h">
      <Filter>Header Files</Filter>
    </ClInclude>
    <ClInclude Include="..\h\utils.h">
      <Filter>Header Files</Filter>
    </ClInclude>
    <ClInclude Include="..\h\white_png.h">
      <Filter>Header Files</Filter>
    </ClInclude>
    <ClInclude Include="..\h\Zip.h">
      <Filter>Header Files</Filter>
    </ClInclude>
  </ItemGroup>
  <ItemGroup>
    <Text Include="..\shaders\bill_board_fs.txt">
      <Filter>Resource Files</Filter>
    </Text>
    <Text Include="..\shaders\bill_board_gs.txt">
      <Filter>Resource Files</Filter>
    </Text>
    <Text Include="..\shaders\bill_board_vs.txt">
      <Filter>Resource Files</Filter>
    </Text>
    <Text Include="..\shaders\fire_fs.txt">
      <Filter>Resource Files</Filter>
    </Text>
    <Text Include="..\shaders\main_fs.txt">
      <Filter>Resource Files</Filter>
    </Text>
    <Text Include="..\shaders\main_vs.txt">
      <Filter>Resource Files</Filter>
    </Text>
    <Text Include="..\shaders\particle_system_fs.txt">
      <Filter>Resource Files</Filter>
    </Text>
    <Text Include="..\shaders\particle_system_vs.txt">
      <Filter>Resource Files</Filter>
    </Text>
    <Text Include="..\shaders\post_process_fs.txt">
      <Filter>Resource Files</Filter>
    </Text>
    <Text Include="..\shaders\post_process_vs.txt">
      <Filter>Resource Files</Filter>
    </Text>
    <Text Include="..\shaders\shadow_fs.txt">
      <Filter>Resource Files</Filter>
    </Text>
    <Text Include="..\shaders\shadow_gs.txt">
      <Filter>Resource Files</Filter>
    </Text>
    <Text Include="..\shaders\shadow_vs.txt">
      <Filter>Resource Files</Filter>
    </Text>
    <Text Include="..\shaders\sky_box_fs.txt">
      <Filter>Resource Files</Filter>
    </Text>
    <Text Include="..\shaders\sky_box_vs.txt">
      <Filter>Resource Files</Filter>
    </Text>
    <Text Include="..\shaders\uniforms.txt">
      <Filter>Resource Files</Filter>
    </Text>
  </ItemGroup>
  <ItemGroup>
    <ClCompile Include="..\cpp\bill_board_manager.cpp">
      <Filter>Source Files</Filter>
    </ClCompile>
    <ClCompile Include="..\cpp\Buffer.cpp">
      <Filter>Source Files</Filter>
    </ClCompile>
    <ClCompile Include="..\cpp\Bullet.cpp">
      <Filter>Source Files</Filter>
    </ClCompile>
    <ClCompile Include="..\cpp\Camera.cpp">
      <Filter>Source Files</Filter>
    </ClCompile>
    <ClCompile Include="..\cpp\DataTexture2DArray.cpp">
      <Filter>Source Files</Filter>
    </ClCompile>
    <ClCompile Include="..\cpp\dungeon.cpp">
      <Filter>Source Files</Filter>
    </ClCompile>
    <ClCompile Include="..\cpp\enemy.cpp">
      <Filter>Source Files</Filter>
    </ClCompile>
    <ClCompile Include="..\cpp\Framebuffer.cpp">
      <Filter>Source Files</Filter>
    </ClCompile>
    <ClCompile Include="..\cpp\FullscreenQuad.cpp">
      <Filter>Source Files</Filter>
    </ClCompile>
    <ClCompile Include="..\cpp\game_object.cpp">
      <Filter>Source Files</Filter>
    </ClCompile>
    <ClCompile Include="..\cpp\game_state.cpp">
      <Filter>Source Files</Filter>
    </ClCompile>
    <ClCompile Include="..\cpp\glfuncs.cpp">
      <Filter>Source Files</Filter>
    </ClCompile>
    <ClCompile Include="..\cpp\icosphere.cpp">
      <Filter>Source Files</Filter>
    </ClCompile>
    <ClCompile Include="..\cpp\Image.cpp">
      <Filter>Source Files</Filter>
    </ClCompile>
    <ClCompile Include="..\cpp\ImageTexture2DArray.cpp">
      <Filter>Source Files</Filter>
    </ClCompile>
    <ClCompile Include="..\cpp\ImageTextureCube.cpp">
      <Filter>Source Files</Filter>
    </ClCompile>
    <ClCompile Include="..\cpp\input_manager.cpp">
      <Filter>Source Files</Filter>
    </ClCompile>
    <ClCompile Include="..\cpp\json11.cpp">
      <Filter>Source Files</Filter>
    </ClCompile>
    <ClCompile Include="..\cpp\LightManager.cpp">
      <Filter>Source Files</Filter>
    </ClCompile>
    <ClCompile Include="..\cpp\MagicLantern.cpp">
      <Filter>Source Files</Filter>
    </ClCompile>
    <ClCompile Include="..\cpp\main.cpp">
      <Filter>Source Files</Filter>
    </ClCompile>
    <ClCompile Include="..\cpp\Mesh.cpp">
      <Filter>Source Files</Filter>
    </ClCompile>
    <ClCompile Include="..\cpp\miniz_tinfl.cpp">
      <Filter>Source Files</Filter>
    </ClCompile>
    <ClCompile Include="..\cpp\parsegltf.cpp">
      <Filter>Source Files</Filter>
    </ClCompile>
    <ClCompile Include="..\cpp\parseobj.cpp">
      <Filter>Source Files</Filter>
    </ClCompile>
    <ClCompile Include="..\cpp\ParticleSystem.cpp">
      <Filter>Source Files</Filter>
    </ClCompile>
    <ClCompile Include="..\cpp\PowerUp.cpp">
      <Filter>Source Files</Filter>
    </ClCompile>
    <ClCompile Include="..\cpp\Program.cpp">
      <Filter>Source Files</Filter>
    </ClCompile>
    <ClCompile Include="..\cpp\Sampler.cpp">
      <Filter>Source Files</Filter>
    </ClCompile>
    <ClCompile Include="..\cpp\setupgl.cpp">
      <Filter>Source Files</Filter>
    </ClCompile>
    <ClCompile Include="..\cpp\SkyBox.cpp">
      <Filter>Source Files</Filter>
    </ClCompile>
    <ClCompile Include="..\cpp\stdafx.cpp">
      <Filter>Source Files</Filter>
    </ClCompile>
    <ClCompile Include="..\cpp\Text.cpp">
      <Filter>Source Files</Filter>
    </ClCompile>
    <ClCompile Include="..\cpp\Texture.cpp">
      <Filter>Source Files</Filter>
    </ClCompile>
    <ClCompile Include="..\cpp\Texture2DArray.cpp">
      <Filter>Source Files</Filter>
    </ClCompile>
    <ClCompile Include="..\cpp\TextureCube.cpp">
      <Filter>Source Files</Filter>
    </ClCompile>
    <ClCompile Include="..\cpp\utils.cpp">
      <Filter>Source Files</Filter>
    </ClCompile>
    <ClCompile Include="..\cpp\Zip.cpp">
      <Filter>Source Files</Filter>
    </ClCompile>
  </ItemGroup>
</Project>